// !$*UTF8*$!
{
	archiveVersion = 1;
	classes = {
	};
	objectVersion = 46;
	objects = {

/* Begin PBXBuildFile section */
		440FD7CF1BA90FD6007FDB56 /* SlideshowWindow.xib in Resources */ = {isa = PBXBuildFile; fileRef = 440FD7CE1BA90FD6007FDB56 /* SlideshowWindow.xib */; };
		440FD7D41BA91079007FDB56 /* SlideshowWindowController.swift in Sources */ = {isa = PBXBuildFile; fileRef = 440FD7D31BA91079007FDB56 /* SlideshowWindowController.swift */; };
		440FD7D61BA9239E007FDB56 /* SlideshowDriver.swift in Sources */ = {isa = PBXBuildFile; fileRef = 440FD7D51BA9239E007FDB56 /* SlideshowDriver.swift */; };
		4422EC8E1BB6E4A3008761A7 /* Preferences.xib in Resources */ = {isa = PBXBuildFile; fileRef = 4422EC8C1BB6E4A3008761A7 /* Preferences.xib */; };
		4422EC911BB6E4E4008761A7 /* PreferencesWindowController.swift in Sources */ = {isa = PBXBuildFile; fileRef = 4422EC901BB6E4E4008761A7 /* PreferencesWindowController.swift */; };
		4444AEE120389BB1007E8CAE /* SingleSlideshowImageView.swift in Sources */ = {isa = PBXBuildFile; fileRef = 4444AEE020389BB1007E8CAE /* SingleSlideshowImageView.swift */; };
		4444AEE420389C0B007E8CAE /* SlideshowImageViewProtocol.swift in Sources */ = {isa = PBXBuildFile; fileRef = 4444AEE320389C0B007E8CAE /* SlideshowImageViewProtocol.swift */; };
		4451CEE91BA79C0900D09540 /* Quartz.framework in Frameworks */ = {isa = PBXBuildFile; fileRef = 4451CEE81BA79C0900D09540 /* Quartz.framework */; };
		447CA6851BD5D76000CA174C /* CocoaLumberjack.framework in Frameworks */ = {isa = PBXBuildFile; fileRef = 447CA6831BD5D76000CA174C /* CocoaLumberjack.framework */; };
		447CA6861BD5D76000CA174C /* CocoaLumberjack.framework in Embed Frameworks */ = {isa = PBXBuildFile; fileRef = 447CA6831BD5D76000CA174C /* CocoaLumberjack.framework */; settings = {ATTRIBUTES = (CodeSignOnCopy, RemoveHeadersOnCopy, ); }; };
		447CA6871BD5D76000CA174C /* CocoaLumberjackSwift.framework in Frameworks */ = {isa = PBXBuildFile; fileRef = 447CA6841BD5D76000CA174C /* CocoaLumberjackSwift.framework */; };
		447CA6881BD5D76000CA174C /* CocoaLumberjackSwift.framework in Embed Frameworks */ = {isa = PBXBuildFile; fileRef = 447CA6841BD5D76000CA174C /* CocoaLumberjackSwift.framework */; settings = {ATTRIBUTES = (CodeSignOnCopy, RemoveHeadersOnCopy, ); }; };
		4489EB341BBB5AA300CA6462 /* MediaList.swift in Sources */ = {isa = PBXBuildFile; fileRef = 4489EB331BBB5AA300CA6462 /* MediaList.swift */; };
		4489EB371BBB6F9A00CA6462 /* PreviousFiles.swift in Sources */ = {isa = PBXBuildFile; fileRef = 4489EB361BBB6F9A00CA6462 /* PreviousFiles.swift */; };
		44936FCB1DDA92070011DAE1 /* SwiftyJSON.framework in Frameworks */ = {isa = PBXBuildFile; fileRef = 44936FCA1DDA92070011DAE1 /* SwiftyJSON.framework */; };
		44936FCC1DDA92070011DAE1 /* SwiftyJSON.framework in Embed Frameworks */ = {isa = PBXBuildFile; fileRef = 44936FCA1DDA92070011DAE1 /* SwiftyJSON.framework */; settings = {ATTRIBUTES = (CodeSignOnCopy, RemoveHeadersOnCopy, ); }; };
		4499DE861BACE09A00BB8D36 /* RangicCore.framework in Embed Frameworks */ = {isa = PBXBuildFile; fileRef = 4482AFF61BA79E320068E976 /* RangicCore.framework */; settings = {ATTRIBUTES = (CodeSignOnCopy, RemoveHeadersOnCopy, ); }; };
		44CB6D7C1BA7960200233A18 /* AppDelegate.swift in Sources */ = {isa = PBXBuildFile; fileRef = 44CB6D7B1BA7960200233A18 /* AppDelegate.swift */; };
		44CB6D7E1BA7960200233A18 /* Assets.xcassets in Resources */ = {isa = PBXBuildFile; fileRef = 44CB6D7D1BA7960200233A18 /* Assets.xcassets */; };
		44CB6D811BA7960200233A18 /* MainMenu.xib in Resources */ = {isa = PBXBuildFile; fileRef = 44CB6D7F1BA7960200233A18 /* MainMenu.xib */; };
		44D749C51BAC5E2200DE90B1 /* CocoaTypes.swift in Sources */ = {isa = PBXBuildFile; fileRef = 44D749C41BAC5E2200DE90B1 /* CocoaTypes.swift */; };
		44F77D511BA7A68C000B6072 /* Alamofire.framework in Frameworks */ = {isa = PBXBuildFile; fileRef = 44F77D4F1BA7A68C000B6072 /* Alamofire.framework */; };
		44F77D521BA7A68C000B6072 /* Alamofire.framework in Embed Frameworks */ = {isa = PBXBuildFile; fileRef = 44F77D4F1BA7A68C000B6072 /* Alamofire.framework */; settings = {ATTRIBUTES = (CodeSignOnCopy, RemoveHeadersOnCopy, ); }; };
		44F77D531BA7A68C000B6072 /* Async.framework in Frameworks */ = {isa = PBXBuildFile; fileRef = 44F77D501BA7A68C000B6072 /* Async.framework */; };
		44F77D541BA7A68C000B6072 /* Async.framework in Embed Frameworks */ = {isa = PBXBuildFile; fileRef = 44F77D501BA7A68C000B6072 /* Async.framework */; settings = {ATTRIBUTES = (CodeSignOnCopy, RemoveHeadersOnCopy, ); }; };
		44F77D571BA7A7FA000B6072 /* ShowListController.swift in Sources */ = {isa = PBXBuildFile; fileRef = 44F77D561BA7A7FA000B6072 /* ShowListController.swift */; };
		44F77D591BA7CF33000B6072 /* ShowListWindow.swift in Sources */ = {isa = PBXBuildFile; fileRef = 44F77D581BA7CF33000B6072 /* ShowListWindow.swift */; };
		44F77D5B1BA7D66B000B6072 /* SlideshowListProvider.swift in Sources */ = {isa = PBXBuildFile; fileRef = 44F77D5A1BA7D66B000B6072 /* SlideshowListProvider.swift */; };
		44F77D5D1BA7D793000B6072 /* Notifications.swift in Sources */ = {isa = PBXBuildFile; fileRef = 44F77D5C1BA7D793000B6072 /* Notifications.swift */; };
		44F77D5F1BA7D864000B6072 /* SlideshowData.swift in Sources */ = {isa = PBXBuildFile; fileRef = 44F77D5E1BA7D864000B6072 /* SlideshowData.swift */; };
		44F77D611BA851B4000B6072 /* Preferences.swift in Sources */ = {isa = PBXBuildFile; fileRef = 44F77D601BA851B4000B6072 /* Preferences.swift */; };
/* End PBXBuildFile section */

/* Begin PBXContainerItemProxy section */
		4482AFF51BA79E320068E976 /* PBXContainerItemProxy */ = {
			isa = PBXContainerItemProxy;
			containerPortal = 4482AFF11BA79E320068E976 /* RangicCore.xcodeproj */;
			proxyType = 2;
			remoteGlobalIDString = 44F41FF81BA7175E00ADBB85;
			remoteInfo = RangicCore;
		};
/* End PBXContainerItemProxy section */

/* Begin PBXCopyFilesBuildPhase section */
		44F77D551BA7A68C000B6072 /* Embed Frameworks */ = {
			isa = PBXCopyFilesBuildPhase;
			buildActionMask = 2147483647;
			dstPath = "";
			dstSubfolderSpec = 10;
			files = (
				4499DE861BACE09A00BB8D36 /* RangicCore.framework in Embed Frameworks */,
				44F77D521BA7A68C000B6072 /* Alamofire.framework in Embed Frameworks */,
				44936FCC1DDA92070011DAE1 /* SwiftyJSON.framework in Embed Frameworks */,
				447CA6861BD5D76000CA174C /* CocoaLumberjack.framework in Embed Frameworks */,
				44F77D541BA7A68C000B6072 /* Async.framework in Embed Frameworks */,
				447CA6881BD5D76000CA174C /* CocoaLumberjackSwift.framework in Embed Frameworks */,
			);
			name = "Embed Frameworks";
			runOnlyForDeploymentPostprocessing = 0;
		};
/* End PBXCopyFilesBuildPhase section */

/* Begin PBXFileReference section */
		440FD7CE1BA90FD6007FDB56 /* SlideshowWindow.xib */ = {isa = PBXFileReference; fileEncoding = 4; lastKnownFileType = file.xib; path = SlideshowWindow.xib; sourceTree = "<group>"; };
		440FD7D31BA91079007FDB56 /* SlideshowWindowController.swift */ = {isa = PBXFileReference; fileEncoding = 4; lastKnownFileType = sourcecode.swift; path = SlideshowWindowController.swift; sourceTree = "<group>"; };
		440FD7D51BA9239E007FDB56 /* SlideshowDriver.swift */ = {isa = PBXFileReference; fileEncoding = 4; lastKnownFileType = sourcecode.swift; path = SlideshowDriver.swift; sourceTree = "<group>"; };
		4422EC8D1BB6E4A3008761A7 /* Base */ = {isa = PBXFileReference; lastKnownFileType = file.xib; name = Base; path = Base.lproj/Preferences.xib; sourceTree = "<group>"; };
		4422EC901BB6E4E4008761A7 /* PreferencesWindowController.swift */ = {isa = PBXFileReference; fileEncoding = 4; lastKnownFileType = sourcecode.swift; path = PreferencesWindowController.swift; sourceTree = "<group>"; };
		4444AEE020389BB1007E8CAE /* SingleSlideshowImageView.swift */ = {isa = PBXFileReference; lastKnownFileType = sourcecode.swift; path = SingleSlideshowImageView.swift; sourceTree = "<group>"; };
		4444AEE320389C0B007E8CAE /* SlideshowImageViewProtocol.swift */ = {isa = PBXFileReference; lastKnownFileType = sourcecode.swift; path = SlideshowImageViewProtocol.swift; sourceTree = "<group>"; };
		4451CEDF1BA79BDF00D09540 /* Alamofire.framework */ = {isa = PBXFileReference; lastKnownFileType = wrapper.framework; name = Alamofire.framework; path = Carthage/Build/Mac/Alamofire.framework; sourceTree = "<group>"; };
		4451CEE01BA79BDF00D09540 /* Async.framework */ = {isa = PBXFileReference; lastKnownFileType = wrapper.framework; name = Async.framework; path = Carthage/Build/Mac/Async.framework; sourceTree = "<group>"; };
		4451CEE81BA79C0900D09540 /* Quartz.framework */ = {isa = PBXFileReference; lastKnownFileType = wrapper.framework; name = Quartz.framework; path = System/Library/Frameworks/Quartz.framework; sourceTree = SDKROOT; };
		4451CEEE1BA79CDA00D09540 /* AVFoundation.framework */ = {isa = PBXFileReference; lastKnownFileType = wrapper.framework; name = AVFoundation.framework; path = System/Library/Frameworks/AVFoundation.framework; sourceTree = SDKROOT; };
		447CA6831BD5D76000CA174C /* CocoaLumberjack.framework */ = {isa = PBXFileReference; lastKnownFileType = wrapper.framework; name = CocoaLumberjack.framework; path = Carthage/Build/Mac/CocoaLumberjack.framework; sourceTree = "<group>"; };
		447CA6841BD5D76000CA174C /* CocoaLumberjackSwift.framework */ = {isa = PBXFileReference; lastKnownFileType = wrapper.framework; name = CocoaLumberjackSwift.framework; path = Carthage/Build/Mac/CocoaLumberjackSwift.framework; sourceTree = "<group>"; };
		4482AFF11BA79E320068E976 /* RangicCore.xcodeproj */ = {isa = PBXFileReference; lastKnownFileType = "wrapper.pb-project"; name = RangicCore.xcodeproj; path = ../../RangicCore/source/RangicCore.xcodeproj; sourceTree = "<group>"; };
		4489EB331BBB5AA300CA6462 /* MediaList.swift */ = {isa = PBXFileReference; fileEncoding = 4; lastKnownFileType = sourcecode.swift; path = MediaList.swift; sourceTree = "<group>"; };
		4489EB361BBB6F9A00CA6462 /* PreviousFiles.swift */ = {isa = PBXFileReference; fileEncoding = 4; lastKnownFileType = sourcecode.swift; path = PreviousFiles.swift; sourceTree = "<group>"; };
		4489EB381BBCCE6B00CA6462 /* WatchThis-Bridging-Header.h */ = {isa = PBXFileReference; lastKnownFileType = sourcecode.c.h; path = "WatchThis-Bridging-Header.h"; sourceTree = "<group>"; };
		44936FCA1DDA92070011DAE1 /* SwiftyJSON.framework */ = {isa = PBXFileReference; lastKnownFileType = wrapper.framework; name = SwiftyJSON.framework; path = Carthage/Build/Mac/SwiftyJSON.framework; sourceTree = "<group>"; };
		44CB6D781BA7960200233A18 /* WatchThis.app */ = {isa = PBXFileReference; explicitFileType = wrapper.application; includeInIndex = 0; path = WatchThis.app; sourceTree = BUILT_PRODUCTS_DIR; };
		44CB6D7B1BA7960200233A18 /* AppDelegate.swift */ = {isa = PBXFileReference; lastKnownFileType = sourcecode.swift; path = AppDelegate.swift; sourceTree = "<group>"; };
		44CB6D7D1BA7960200233A18 /* Assets.xcassets */ = {isa = PBXFileReference; lastKnownFileType = folder.assetcatalog; path = Assets.xcassets; sourceTree = "<group>"; };
		44CB6D801BA7960200233A18 /* Base */ = {isa = PBXFileReference; lastKnownFileType = file.xib; name = Base; path = Base.lproj/MainMenu.xib; sourceTree = "<group>"; };
		44CB6D821BA7960200233A18 /* Info.plist */ = {isa = PBXFileReference; lastKnownFileType = text.plist.xml; path = Info.plist; sourceTree = "<group>"; };
		44D749C41BAC5E2200DE90B1 /* CocoaTypes.swift */ = {isa = PBXFileReference; fileEncoding = 4; lastKnownFileType = sourcecode.swift; path = CocoaTypes.swift; sourceTree = "<group>"; };
		44F77D4F1BA7A68C000B6072 /* Alamofire.framework */ = {isa = PBXFileReference; lastKnownFileType = wrapper.framework; name = Alamofire.framework; path = Carthage/Build/Mac/Alamofire.framework; sourceTree = "<group>"; };
		44F77D501BA7A68C000B6072 /* Async.framework */ = {isa = PBXFileReference; lastKnownFileType = wrapper.framework; name = Async.framework; path = Carthage/Build/Mac/Async.framework; sourceTree = "<group>"; };
		44F77D561BA7A7FA000B6072 /* ShowListController.swift */ = {isa = PBXFileReference; fileEncoding = 4; lastKnownFileType = sourcecode.swift; path = ShowListController.swift; sourceTree = "<group>"; };
		44F77D581BA7CF33000B6072 /* ShowListWindow.swift */ = {isa = PBXFileReference; fileEncoding = 4; lastKnownFileType = sourcecode.swift; path = ShowListWindow.swift; sourceTree = "<group>"; };
		44F77D5A1BA7D66B000B6072 /* SlideshowListProvider.swift */ = {isa = PBXFileReference; fileEncoding = 4; lastKnownFileType = sourcecode.swift; path = SlideshowListProvider.swift; sourceTree = "<group>"; };
		44F77D5C1BA7D793000B6072 /* Notifications.swift */ = {isa = PBXFileReference; fileEncoding = 4; lastKnownFileType = sourcecode.swift; path = Notifications.swift; sourceTree = "<group>"; };
		44F77D5E1BA7D864000B6072 /* SlideshowData.swift */ = {isa = PBXFileReference; fileEncoding = 4; lastKnownFileType = sourcecode.swift; path = SlideshowData.swift; sourceTree = "<group>"; };
		44F77D601BA851B4000B6072 /* Preferences.swift */ = {isa = PBXFileReference; fileEncoding = 4; lastKnownFileType = sourcecode.swift; path = Preferences.swift; sourceTree = "<group>"; };
/* End PBXFileReference section */

/* Begin PBXFrameworksBuildPhase section */
		44CB6D751BA7960200233A18 /* Frameworks */ = {
			isa = PBXFrameworksBuildPhase;
			buildActionMask = 2147483647;
			files = (
				4451CEE91BA79C0900D09540 /* Quartz.framework in Frameworks */,
				44F77D511BA7A68C000B6072 /* Alamofire.framework in Frameworks */,
				44936FCB1DDA92070011DAE1 /* SwiftyJSON.framework in Frameworks */,
				447CA6851BD5D76000CA174C /* CocoaLumberjack.framework in Frameworks */,
				44F77D531BA7A68C000B6072 /* Async.framework in Frameworks */,
				447CA6871BD5D76000CA174C /* CocoaLumberjackSwift.framework in Frameworks */,
			);
			runOnlyForDeploymentPostprocessing = 0;
		};
/* End PBXFrameworksBuildPhase section */

/* Begin PBXGroup section */
		4451CEF21BA79D2E00D09540 /* Frameworks */ = {
			isa = PBXGroup;
			children = (
				4451CEEE1BA79CDA00D09540 /* AVFoundation.framework */,
				4451CEE81BA79C0900D09540 /* Quartz.framework */,
				4451CEDF1BA79BDF00D09540 /* Alamofire.framework */,
				4451CEE01BA79BDF00D09540 /* Async.framework */,
			);
			name = Frameworks;
			sourceTree = "<group>";
		};
		4482AFF21BA79E320068E976 /* Products */ = {
			isa = PBXGroup;
			children = (
				4482AFF61BA79E320068E976 /* RangicCore.framework */,
			);
			name = Products;
			sourceTree = "<group>";
		};
		44CB6D6F1BA7960200233A18 = {
			isa = PBXGroup;
			children = (
				44CB6D7A1BA7960200233A18 /* WatchThis */,
				44F77D4F1BA7A68C000B6072 /* Alamofire.framework */,
				44F77D501BA7A68C000B6072 /* Async.framework */,
				447CA6831BD5D76000CA174C /* CocoaLumberjack.framework */,
				447CA6841BD5D76000CA174C /* CocoaLumberjackSwift.framework */,
				44936FCA1DDA92070011DAE1 /* SwiftyJSON.framework */,
				4451CEF21BA79D2E00D09540 /* Frameworks */,
				44CB6D791BA7960200233A18 /* Products */,
				4482AFF11BA79E320068E976 /* RangicCore.xcodeproj */,
			);
			sourceTree = "<group>";
		};
		44CB6D791BA7960200233A18 /* Products */ = {
			isa = PBXGroup;
			children = (
				44CB6D781BA7960200233A18 /* WatchThis.app */,
			);
			name = Products;
			sourceTree = "<group>";
		};
		44CB6D7A1BA7960200233A18 /* WatchThis */ = {
			isa = PBXGroup;
			children = (
				4422EC8C1BB6E4A3008761A7 /* Preferences.xib */,
				44CB6D7F1BA7960200233A18 /* MainMenu.xib */,
				440FD7CE1BA90FD6007FDB56 /* SlideshowWindow.xib */,
				44CB6D7D1BA7960200233A18 /* Assets.xcassets */,
				44CB6D821BA7960200233A18 /* Info.plist */,
				44CB6D7B1BA7960200233A18 /* AppDelegate.swift */,
				44D749C41BAC5E2200DE90B1 /* CocoaTypes.swift */,
				4489EB331BBB5AA300CA6462 /* MediaList.swift */,
				44F77D5C1BA7D793000B6072 /* Notifications.swift */,
				44F77D601BA851B4000B6072 /* Preferences.swift */,
				4422EC901BB6E4E4008761A7 /* PreferencesWindowController.swift */,
				4489EB361BBB6F9A00CA6462 /* PreviousFiles.swift */,
				44F77D561BA7A7FA000B6072 /* ShowListController.swift */,
				44F77D581BA7CF33000B6072 /* ShowListWindow.swift */,
				44F77D5E1BA7D864000B6072 /* SlideshowData.swift */,
				440FD7D51BA9239E007FDB56 /* SlideshowDriver.swift */,
				44F77D5A1BA7D66B000B6072 /* SlideshowListProvider.swift */,
				440FD7D31BA91079007FDB56 /* SlideshowWindowController.swift */,
				4489EB381BBCCE6B00CA6462 /* WatchThis-Bridging-Header.h */,
				4444AEE320389C0B007E8CAE /* SlideshowImageViewProtocol.swift */,
				4444AEE020389BB1007E8CAE /* SingleSlideshowImageView.swift */,
			);
			path = WatchThis;
			sourceTree = "<group>";
		};
/* End PBXGroup section */

/* Begin PBXNativeTarget section */
		44CB6D771BA7960200233A18 /* WatchThis */ = {
			isa = PBXNativeTarget;
			buildConfigurationList = 44CB6D851BA7960200233A18 /* Build configuration list for PBXNativeTarget "WatchThis" */;
			buildPhases = (
				44CB6D741BA7960200233A18 /* Sources */,
				44CB6D751BA7960200233A18 /* Frameworks */,
				44CB6D761BA7960200233A18 /* Resources */,
				44F77D551BA7A68C000B6072 /* Embed Frameworks */,
			);
			buildRules = (
			);
			dependencies = (
			);
			name = WatchThis;
			productName = WatchThis;
			productReference = 44CB6D781BA7960200233A18 /* WatchThis.app */;
			productType = "com.apple.product-type.application";
		};
/* End PBXNativeTarget section */

/* Begin PBXProject section */
		44CB6D701BA7960200233A18 /* Project object */ = {
			isa = PBXProject;
			attributes = {
				LastUpgradeCheck = 0810;
				ORGANIZATIONNAME = rangic.com;
				TargetAttributes = {
					44CB6D771BA7960200233A18 = {
						CreatedOnToolsVersion = 7.0;
						LastSwiftMigration = 0920;
					};
				};
			};
			buildConfigurationList = 44CB6D731BA7960200233A18 /* Build configuration list for PBXProject "WatchThis" */;
			compatibilityVersion = "Xcode 3.2";
			developmentRegion = English;
			hasScannedForEncodings = 0;
			knownRegions = (
				en,
				Base,
			);
			mainGroup = 44CB6D6F1BA7960200233A18;
			productRefGroup = 44CB6D791BA7960200233A18 /* Products */;
			projectDirPath = "";
			projectReferences = (
				{
					ProductGroup = 4482AFF21BA79E320068E976 /* Products */;
					ProjectRef = 4482AFF11BA79E320068E976 /* RangicCore.xcodeproj */;
				},
			);
			projectRoot = "";
			targets = (
				44CB6D771BA7960200233A18 /* WatchThis */,
			);
		};
/* End PBXProject section */

/* Begin PBXReferenceProxy section */
		4482AFF61BA79E320068E976 /* RangicCore.framework */ = {
			isa = PBXReferenceProxy;
			fileType = wrapper.framework;
			path = RangicCore.framework;
			remoteRef = 4482AFF51BA79E320068E976 /* PBXContainerItemProxy */;
			sourceTree = BUILT_PRODUCTS_DIR;
		};
/* End PBXReferenceProxy section */

/* Begin PBXResourcesBuildPhase section */
		44CB6D761BA7960200233A18 /* Resources */ = {
			isa = PBXResourcesBuildPhase;
			buildActionMask = 2147483647;
			files = (
				440FD7CF1BA90FD6007FDB56 /* SlideshowWindow.xib in Resources */,
				44CB6D7E1BA7960200233A18 /* Assets.xcassets in Resources */,
				4422EC8E1BB6E4A3008761A7 /* Preferences.xib in Resources */,
				44CB6D811BA7960200233A18 /* MainMenu.xib in Resources */,
			);
			runOnlyForDeploymentPostprocessing = 0;
		};
/* End PBXResourcesBuildPhase section */

/* Begin PBXSourcesBuildPhase section */
		44CB6D741BA7960200233A18 /* Sources */ = {
			isa = PBXSourcesBuildPhase;
			buildActionMask = 2147483647;
			files = (
				44F77D5F1BA7D864000B6072 /* SlideshowData.swift in Sources */,
				4422EC911BB6E4E4008761A7 /* PreferencesWindowController.swift in Sources */,
				4489EB371BBB6F9A00CA6462 /* PreviousFiles.swift in Sources */,
				44F77D611BA851B4000B6072 /* Preferences.swift in Sources */,
				440FD7D61BA9239E007FDB56 /* SlideshowDriver.swift in Sources */,
				44F77D5D1BA7D793000B6072 /* Notifications.swift in Sources */,
				44F77D571BA7A7FA000B6072 /* ShowListController.swift in Sources */,
				44D749C51BAC5E2200DE90B1 /* CocoaTypes.swift in Sources */,
				4444AEE120389BB1007E8CAE /* SingleSlideshowImageView.swift in Sources */,
				44CB6D7C1BA7960200233A18 /* AppDelegate.swift in Sources */,
				44F77D591BA7CF33000B6072 /* ShowListWindow.swift in Sources */,
				4444AEE420389C0B007E8CAE /* SlideshowImageViewProtocol.swift in Sources */,
				4489EB341BBB5AA300CA6462 /* MediaList.swift in Sources */,
				44F77D5B1BA7D66B000B6072 /* SlideshowListProvider.swift in Sources */,
				440FD7D41BA91079007FDB56 /* SlideshowWindowController.swift in Sources */,
			);
			runOnlyForDeploymentPostprocessing = 0;
		};
/* End PBXSourcesBuildPhase section */

/* Begin PBXVariantGroup section */
		4422EC8C1BB6E4A3008761A7 /* Preferences.xib */ = {
			isa = PBXVariantGroup;
			children = (
				4422EC8D1BB6E4A3008761A7 /* Base */,
			);
			name = Preferences.xib;
			sourceTree = "<group>";
		};
		44CB6D7F1BA7960200233A18 /* MainMenu.xib */ = {
			isa = PBXVariantGroup;
			children = (
				44CB6D801BA7960200233A18 /* Base */,
			);
			name = MainMenu.xib;
			sourceTree = "<group>";
		};
/* End PBXVariantGroup section */

/* Begin XCBuildConfiguration section */
		44CB6D831BA7960200233A18 /* Debug */ = {
			isa = XCBuildConfiguration;
			buildSettings = {
				ALWAYS_EMBED_SWIFT_STANDARD_LIBRARIES = YES;
				ALWAYS_SEARCH_USER_PATHS = NO;
				CLANG_CXX_LANGUAGE_STANDARD = "gnu++0x";
				CLANG_CXX_LIBRARY = "libc++";
				CLANG_ENABLE_MODULES = YES;
				CLANG_ENABLE_OBJC_ARC = YES;
				CLANG_WARN_BOOL_CONVERSION = YES;
				CLANG_WARN_CONSTANT_CONVERSION = YES;
				CLANG_WARN_DIRECT_OBJC_ISA_USAGE = YES_ERROR;
				CLANG_WARN_EMPTY_BODY = YES;
				CLANG_WARN_ENUM_CONVERSION = YES;
				CLANG_WARN_INFINITE_RECURSION = YES;
				CLANG_WARN_INT_CONVERSION = YES;
				CLANG_WARN_OBJC_ROOT_CLASS = YES_ERROR;
				CLANG_WARN_SUSPICIOUS_MOVE = YES;
				CLANG_WARN_UNREACHABLE_CODE = YES;
				CLANG_WARN__DUPLICATE_METHOD_MATCH = YES;
				CODE_SIGN_IDENTITY = "-";
				COPY_PHASE_STRIP = NO;
				DEBUG_INFORMATION_FORMAT = dwarf;
				ENABLE_STRICT_OBJC_MSGSEND = YES;
				ENABLE_TESTABILITY = YES;
				GCC_C_LANGUAGE_STANDARD = gnu99;
				GCC_DYNAMIC_NO_PIC = NO;
				GCC_NO_COMMON_BLOCKS = YES;
				GCC_OPTIMIZATION_LEVEL = 0;
				GCC_PREPROCESSOR_DEFINITIONS = (
					"DEBUG=1",
					"$(inherited)",
				);
				GCC_WARN_64_TO_32_BIT_CONVERSION = YES;
				GCC_WARN_ABOUT_RETURN_TYPE = YES_ERROR;
				GCC_WARN_UNDECLARED_SELECTOR = YES;
				GCC_WARN_UNINITIALIZED_AUTOS = YES_AGGRESSIVE;
				GCC_WARN_UNUSED_FUNCTION = YES;
				GCC_WARN_UNUSED_VARIABLE = YES;
				MACOSX_DEPLOYMENT_TARGET = 10.11;
				MTL_ENABLE_DEBUG_INFO = YES;
				ONLY_ACTIVE_ARCH = YES;
				SDKROOT = macosx;
				SWIFT_OPTIMIZATION_LEVEL = "-Onone";
			};
			name = Debug;
		};
		44CB6D841BA7960200233A18 /* Release */ = {
			isa = XCBuildConfiguration;
			buildSettings = {
				ALWAYS_EMBED_SWIFT_STANDARD_LIBRARIES = YES;
				ALWAYS_SEARCH_USER_PATHS = NO;
				CLANG_CXX_LANGUAGE_STANDARD = "gnu++0x";
				CLANG_CXX_LIBRARY = "libc++";
				CLANG_ENABLE_MODULES = YES;
				CLANG_ENABLE_OBJC_ARC = YES;
				CLANG_WARN_BOOL_CONVERSION = YES;
				CLANG_WARN_CONSTANT_CONVERSION = YES;
				CLANG_WARN_DIRECT_OBJC_ISA_USAGE = YES_ERROR;
				CLANG_WARN_EMPTY_BODY = YES;
				CLANG_WARN_ENUM_CONVERSION = YES;
				CLANG_WARN_INFINITE_RECURSION = YES;
				CLANG_WARN_INT_CONVERSION = YES;
				CLANG_WARN_OBJC_ROOT_CLASS = YES_ERROR;
				CLANG_WARN_SUSPICIOUS_MOVE = YES;
				CLANG_WARN_UNREACHABLE_CODE = YES;
				CLANG_WARN__DUPLICATE_METHOD_MATCH = YES;
				CODE_SIGN_IDENTITY = "-";
				COPY_PHASE_STRIP = NO;
				DEBUG_INFORMATION_FORMAT = "dwarf-with-dsym";
				ENABLE_NS_ASSERTIONS = NO;
				ENABLE_STRICT_OBJC_MSGSEND = YES;
				GCC_C_LANGUAGE_STANDARD = gnu99;
				GCC_NO_COMMON_BLOCKS = YES;
				GCC_WARN_64_TO_32_BIT_CONVERSION = YES;
				GCC_WARN_ABOUT_RETURN_TYPE = YES_ERROR;
				GCC_WARN_UNDECLARED_SELECTOR = YES;
				GCC_WARN_UNINITIALIZED_AUTOS = YES_AGGRESSIVE;
				GCC_WARN_UNUSED_FUNCTION = YES;
				GCC_WARN_UNUSED_VARIABLE = YES;
				MACOSX_DEPLOYMENT_TARGET = 10.11;
				MTL_ENABLE_DEBUG_INFO = NO;
				SDKROOT = macosx;
				SWIFT_OPTIMIZATION_LEVEL = "-Owholemodule";
			};
			name = Release;
		};
		44CB6D861BA7960200233A18 /* Debug */ = {
			isa = XCBuildConfiguration;
			buildSettings = {
				ASSETCATALOG_COMPILER_APPICON_NAME = AppIcon;
				CLANG_ENABLE_MODULES = YES;
				COMBINE_HIDPI_IMAGES = YES;
				FRAMEWORK_SEARCH_PATHS = (
					"$(inherited)",
					"$(PROJECT_DIR)/Carthage/Build/Mac",
				);
				INFOPLIST_FILE = WatchThis/Info.plist;
				LD_RUNPATH_SEARCH_PATHS = "$(inherited) @executable_path/../Frameworks";
				"OTHER_SWIFT_FLAGS[arch=*]" = "-DDEBUG";
				PRODUCT_BUNDLE_IDENTIFIER = rangic.WatchThis;
				PRODUCT_NAME = "$(TARGET_NAME)";
				SWIFT_OBJC_BRIDGING_HEADER = "WatchThis/WatchThis-Bridging-Header.h";
				SWIFT_OPTIMIZATION_LEVEL = "-Onone";
				SWIFT_SWIFT3_OBJC_INFERENCE = On;
				SWIFT_VERSION = 4.0;
			};
			name = Debug;
		};
		44CB6D871BA7960200233A18 /* Release */ = {
			isa = XCBuildConfiguration;
			buildSettings = {
				ASSETCATALOG_COMPILER_APPICON_NAME = AppIcon;
				CLANG_ENABLE_MODULES = YES;
				COMBINE_HIDPI_IMAGES = YES;
				FRAMEWORK_SEARCH_PATHS = (
					"$(inherited)",
					"$(PROJECT_DIR)/Carthage/Build/Mac",
				);
				INFOPLIST_FILE = WatchThis/Info.plist;
				LD_RUNPATH_SEARCH_PATHS = "$(inherited) @executable_path/../Frameworks";
				PRODUCT_BUNDLE_IDENTIFIER = rangic.WatchThis;
				PRODUCT_NAME = "$(TARGET_NAME)";
				SWIFT_OBJC_BRIDGING_HEADER = "WatchThis/WatchThis-Bridging-Header.h";
				SWIFT_SWIFT3_OBJC_INFERENCE = On;
				SWIFT_VERSION = 4.0;
			};
			name = Release;
		};
/* End XCBuildConfiguration section */

/* Begin XCConfigurationList section */
		44CB6D731BA7960200233A18 /* Build configuration list for PBXProject "WatchThis" */ = {
			isa = XCConfigurationList;
			buildConfigurations = (
				44CB6D831BA7960200233A18 /* Debug */,
				44CB6D841BA7960200233A18 /* Release */,
			);
			defaultConfigurationIsVisible = 0;
			defaultConfigurationName = Release;
		};
		44CB6D851BA7960200233A18 /* Build configuration list for PBXNativeTarget "WatchThis" */ = {
			isa = XCConfigurationList;
			buildConfigurations = (
				44CB6D861BA7960200233A18 /* Debug */,
				44CB6D871BA7960200233A18 /* Release */,
			);
			defaultConfigurationIsVisible = 0;
			defaultConfigurationName = Release;
		};
/* End XCConfigurationList section */
	};
	rootObject = 44CB6D701BA7960200233A18 /* Project object */;
}
